
Microsoft Visual Studio Solution File, Format Version 12.00
# Visual Studio Version 17
VisualStudioVersion = 17.6.33815.320
MinimumVisualStudioVersion = 10.0.40219.1
Project("{8BC9CEB8-8B4A-11D0-8D11-00A0C91BC942}") = "PingPong", "PingPong\PingPong.vcxproj", "{FAE59A07-71DC-4CC6-B78C-1A090BBBCE1F}"
EndProject
Project("{2150E333-8FDC-42A3-9474-1A3956D46DE8}") = "Solution Items", "Solution Items", "{8F79D880-5D43-4D95-A435-5DA7CD4C86CE}"
	ProjectSection(SolutionItems) = preProject
		.gitignore = .gitignore
	EndProjectSection
EndProject
Global
	GlobalSection(SolutionConfigurationPlatforms) = preSolution
		Debug|x64 = Debug|x64
		Debug|x86 = Debug|x86
		Release|x64 = Release|x64
		Release|x86 = Release|x86
	EndGlobalSection
	GlobalSection(ProjectConfigurationPlatforms) = postSolution
		{FAE59A07-71DC-4CC6-B78C-1A090BBBCE1F}.Debug|x64.ActiveCfg = Debug|x64
		{FAE59A07-71DC-4CC6-B78C-1A090BBBCE1F}.Debug|x64.Build.0 = Debug|x64
		{FAE59A07-71DC-4CC6-B78C-1A090BBBCE1F}.Debug|x86.ActiveCfg = Debug|Win32
		{FAE59A07-71DC-4CC6-B78C-1A090BBBCE1F}.Debug|x86.Build.0 = Debug|Win32
		{FAE59A07-71DC-4CC6-B78C-1A090BBBCE1F}.Release|x64.ActiveCfg = Release|x64
		{FAE59A07-71DC-4CC6-B78C-1A090BBBCE1F}.Release|x64.Build.0 = Release|x64
		{FAE59A07-71DC-4CC6-B78C-1A090BBBCE1F}.Release|x86.ActiveCfg = Release|Win32
		{FAE59A07-71DC-4CC6-B78C-1A090BBBCE1F}.Release|x86.Build.0 = Release|Win32
	EndGlobalSection
	GlobalSection(SolutionProperties) = preSolution
		HideSolutionNode = FALSE
	EndGlobalSection
	GlobalSection(ExtensibilityGlobals) = postSolution
		SolutionGuid = {15FC2D73-B8A5-4EDB-B138-2652CA16D123}
	EndGlobalSection
EndGlobal
